
Microsoft Visual Studio Solution File, Format Version 12.00
# Visual Studio 14
VisualStudioVersion = 14.0.23107.0
MinimumVisualStudioVersion = 10.0.40219.1
Project("{8BC9CEB8-8B4A-11D0-8D11-00A0C91BC942}") = "FINM32300_Midterm_MichaelBeven", "FINM32300_Midterm_MichaelBeven\FINM32300_Midterm_MichaelBeven.vcxproj", "{68C07DD1-B359-442A-AAB0-C3DA95FBF841}"
EndProject
Project("{8BC9CEB8-8B4A-11D0-8D11-00A0C91BC942}") = "Q2", "Q2\Q2.vcxproj", "{058B7F40-9AC3-474A-B12A-963F361F5F4C}"
EndProject
Project("{8BC9CEB8-8B4A-11D0-8D11-00A0C91BC942}") = "Q1", "Q1\Q1.vcxproj", "{FE4BD7DC-499E-4539-A046-454591199003}"
EndProject
Global
	GlobalSection(SolutionConfigurationPlatforms) = preSolution
		Debug|x64 = Debug|x64
		Debug|x86 = Debug|x86
		Release|x64 = Release|x64
		Release|x86 = Release|x86
	EndGlobalSection
	GlobalSection(ProjectConfigurationPlatforms) = postSolution
		{68C07DD1-B359-442A-AAB0-C3DA95FBF841}.Debug|x64.ActiveCfg = Debug|x64
		{68C07DD1-B359-442A-AAB0-C3DA95FBF841}.Debug|x64.Build.0 = Debug|x64
		{68C07DD1-B359-442A-AAB0-C3DA95FBF841}.Debug|x86.ActiveCfg = Debug|Win32
		{68C07DD1-B359-442A-AAB0-C3DA95FBF841}.Debug|x86.Build.0 = Debug|Win32
		{68C07DD1-B359-442A-AAB0-C3DA95FBF841}.Release|x64.ActiveCfg = Release|x64
		{68C07DD1-B359-442A-AAB0-C3DA95FBF841}.Release|x64.Build.0 = Release|x64
		{68C07DD1-B359-442A-AAB0-C3DA95FBF841}.Release|x86.ActiveCfg = Release|Win32
		{68C07DD1-B359-442A-AAB0-C3DA95FBF841}.Release|x86.Build.0 = Release|Win32
		{058B7F40-9AC3-474A-B12A-963F361F5F4C}.Debug|x64.ActiveCfg = Debug|x64
		{058B7F40-9AC3-474A-B12A-963F361F5F4C}.Debug|x64.Build.0 = Debug|x64
		{058B7F40-9AC3-474A-B12A-963F361F5F4C}.Debug|x86.ActiveCfg = Debug|Win32
		{058B7F40-9AC3-474A-B12A-963F361F5F4C}.Debug|x86.Build.0 = Debug|Win32
		{058B7F40-9AC3-474A-B12A-963F361F5F4C}.Release|x64.ActiveCfg = Release|x64
		{058B7F40-9AC3-474A-B12A-963F361F5F4C}.Release|x64.Build.0 = Release|x64
		{058B7F40-9AC3-474A-B12A-963F361F5F4C}.Release|x86.ActiveCfg = Release|Win32
		{058B7F40-9AC3-474A-B12A-963F361F5F4C}.Release|x86.Build.0 = Release|Win32
		{FE4BD7DC-499E-4539-A046-454591199003}.Debug|x64.ActiveCfg = Debug|x64
		{FE4BD7DC-499E-4539-A046-454591199003}.Debug|x64.Build.0 = Debug|x64
		{FE4BD7DC-499E-4539-A046-454591199003}.Debug|x86.ActiveCfg = Debug|Win32
		{FE4BD7DC-499E-4539-A046-454591199003}.Debug|x86.Build.0 = Debug|Win32
		{FE4BD7DC-499E-4539-A046-454591199003}.Release|x64.ActiveCfg = Release|x64
		{FE4BD7DC-499E-4539-A046-454591199003}.Release|x64.Build.0 = Release|x64
		{FE4BD7DC-499E-4539-A046-454591199003}.Release|x86.ActiveCfg = Release|Win32
		{FE4BD7DC-499E-4539-A046-454591199003}.Release|x86.Build.0 = Release|Win32
	EndGlobalSection
	GlobalSection(SolutionProperties) = preSolution
		HideSolutionNode = FALSE
	EndGlobalSection
EndGlobal
